// !$*UTF8*$!
{
	archiveVersion = 1;
	classes = {
	};
	objectVersion = 56;
	objects = {

/* Begin PBXBuildFile section */
		D1194A672971A4A900E4C1E7 /* SettingsView.swift in Sources */ = {isa = PBXBuildFile; fileRef = D1194A662971A4A900E4C1E7 /* SettingsView.swift */; };
		D16D80942976985600D163B3 /* DrinkFilters.swift in Sources */ = {isa = PBXBuildFile; fileRef = D16D80932976985600D163B3 /* DrinkFilters.swift */; };
		D17BB61D29732160004F08F7 /* ViewExtensions.swift in Sources */ = {isa = PBXBuildFile; fileRef = D17BB61C29732160004F08F7 /* ViewExtensions.swift */; };
		D17BB61F297345BA004F08F7 /* UserDefaults.swift in Sources */ = {isa = PBXBuildFile; fileRef = D17BB61E297345BA004F08F7 /* UserDefaults.swift */; };
		D1BB5B2929741F8000CF52EE /* IngredientDetails.swift in Sources */ = {isa = PBXBuildFile; fileRef = D1BB5B2829741F8000CF52EE /* IngredientDetails.swift */; };
		D1BB5B2B29741FE600CF52EE /* IngredientDrinksList.swift in Sources */ = {isa = PBXBuildFile; fileRef = D1BB5B2A29741FE600CF52EE /* IngredientDrinksList.swift */; };
		D1DD34B729740335006EE244 /* DrinkStepInstructions.swift in Sources */ = {isa = PBXBuildFile; fileRef = D1DD34B629740335006EE244 /* DrinkStepInstructions.swift */; };
		D1DD34B929740377006EE244 /* DrinkDetails.swift in Sources */ = {isa = PBXBuildFile; fileRef = D1DD34B829740377006EE244 /* DrinkDetails.swift */; };
		D1DD34BE297412AF006EE244 /* EquipmentView.swift in Sources */ = {isa = PBXBuildFile; fileRef = D1DD34BD297412AF006EE244 /* EquipmentView.swift */; };
		D1E5B3AB2972C998001DF274 /* IngredientBox.swift in Sources */ = {isa = PBXBuildFile; fileRef = D1E5B3AA2972C998001DF274 /* IngredientBox.swift */; };
		D1E5B3AD2972C9D3001DF274 /* EquipmentBox.swift in Sources */ = {isa = PBXBuildFile; fileRef = D1E5B3AC2972C9D3001DF274 /* EquipmentBox.swift */; };
		D1E5B3B32972D052001DF274 /* NumberExtensions.swift in Sources */ = {isa = PBXBuildFile; fileRef = D1E5B3B22972D052001DF274 /* NumberExtensions.swift */; };
		D1E5B3B52972D1C8001DF274 /* IngredientsInspector.swift in Sources */ = {isa = PBXBuildFile; fileRef = D1E5B3B42972D1C8001DF274 /* IngredientsInspector.swift */; };
		D1E5BBCB29705D2500BA60F9 /* WrappingHStack.swift in Sources */ = {isa = PBXBuildFile; fileRef = D1E5BBCA29705D2500BA60F9 /* WrappingHStack.swift */; };
		D1F0087F296EBB90007E09B7 /* AppState.swift in Sources */ = {isa = PBXBuildFile; fileRef = D1F0087E296EBB90007E09B7 /* AppState.swift */; };
		D1F00881296EC065007E09B7 /* DrinkStep.swift in Sources */ = {isa = PBXBuildFile; fileRef = D1F00880296EC065007E09B7 /* DrinkStep.swift */; };
		D1F00883296EC078007E09B7 /* Ingredient.swift in Sources */ = {isa = PBXBuildFile; fileRef = D1F00882296EC078007E09B7 /* Ingredient.swift */; };
		D1F00885296EC0A8007E09B7 /* Equipment.swift in Sources */ = {isa = PBXBuildFile; fileRef = D1F00884296EC0A8007E09B7 /* Equipment.swift */; };
		D1F00887296EC0B8007E09B7 /* Origin.swift in Sources */ = {isa = PBXBuildFile; fileRef = D1F00886296EC0B8007E09B7 /* Origin.swift */; };
		D1F00889296EC0C8007E09B7 /* DrinkSource.swift in Sources */ = {isa = PBXBuildFile; fileRef = D1F00888296EC0C8007E09B7 /* DrinkSource.swift */; };
		D1F7900D296D75EE00F3CB30 /* imbibeApp.swift in Sources */ = {isa = PBXBuildFile; fileRef = D1F7900C296D75EE00F3CB30 /* imbibeApp.swift */; };
		D1F7900F296D75EE00F3CB30 /* Persistence.swift in Sources */ = {isa = PBXBuildFile; fileRef = D1F7900E296D75EE00F3CB30 /* Persistence.swift */; };
		D1F79012296D75EE00F3CB30 /* imbibe.xcdatamodeld in Sources */ = {isa = PBXBuildFile; fileRef = D1F79010296D75EE00F3CB30 /* imbibe.xcdatamodeld */; };
		D1F79014296D75EE00F3CB30 /* DrinksView.swift in Sources */ = {isa = PBXBuildFile; fileRef = D1F79013296D75EE00F3CB30 /* DrinksView.swift */; };
		D1F79016296D75EF00F3CB30 /* Assets.xcassets in Resources */ = {isa = PBXBuildFile; fileRef = D1F79015296D75EF00F3CB30 /* Assets.xcassets */; };
		D1F7901A296D75EF00F3CB30 /* Preview Assets.xcassets in Resources */ = {isa = PBXBuildFile; fileRef = D1F79019296D75EF00F3CB30 /* Preview Assets.xcassets */; };
		D1F79025296D76D400F3CB30 /* Drink.swift in Sources */ = {isa = PBXBuildFile; fileRef = D1F79024296D76D400F3CB30 /* Drink.swift */; };
		D1F79028296D78DA00F3CB30 /* Drinks.swift in Sources */ = {isa = PBXBuildFile; fileRef = D1F79027296D78DA00F3CB30 /* Drinks.swift */; };
		D1F7902C296D841F00F3CB30 /* DrinkView.swift in Sources */ = {isa = PBXBuildFile; fileRef = D1F7902B296D841F00F3CB30 /* DrinkView.swift */; };
		D1F7902E296D84CD00F3CB30 /* ImageExtensions.swift in Sources */ = {isa = PBXBuildFile; fileRef = D1F7902D296D84CD00F3CB30 /* ImageExtensions.swift */; };
		D1F79030296D879600F3CB30 /* ColorExtensions.swift in Sources */ = {isa = PBXBuildFile; fileRef = D1F7902F296D879600F3CB30 /* ColorExtensions.swift */; };
		D1F79032296DC1BE00F3CB30 /* Ingredients.swift in Sources */ = {isa = PBXBuildFile; fileRef = D1F79031296DC1BE00F3CB30 /* Ingredients.swift */; };
		D1F79034296DC1DA00F3CB30 /* Origins.swift in Sources */ = {isa = PBXBuildFile; fileRef = D1F79033296DC1DA00F3CB30 /* Origins.swift */; };
		D1F79036296DC1EB00F3CB30 /* Equipments.swift in Sources */ = {isa = PBXBuildFile; fileRef = D1F79035296DC1EB00F3CB30 /* Equipments.swift */; };
		D1F79038296DC1FD00F3CB30 /* Sources.swift in Sources */ = {isa = PBXBuildFile; fileRef = D1F79037296DC1FD00F3CB30 /* Sources.swift */; };
		D1F7903A296E803E00F3CB30 /* AppView.swift in Sources */ = {isa = PBXBuildFile; fileRef = D1F79039296E803E00F3CB30 /* AppView.swift */; };
		D1F7903D296E813F00F3CB30 /* IngredientsView.swift in Sources */ = {isa = PBXBuildFile; fileRef = D1F7903C296E813F00F3CB30 /* IngredientsView.swift */; };
		D1F79042296E834400F3CB30 /* IngredientView.swift in Sources */ = {isa = PBXBuildFile; fileRef = D1F79041296E834400F3CB30 /* IngredientView.swift */; };
		D1F79045296E8DB200F3CB30 /* DiscoverView.swift in Sources */ = {isa = PBXBuildFile; fileRef = D1F79044296E8DB200F3CB30 /* DiscoverView.swift */; };
		D1F79047296E90C800F3CB30 /* DrinkCard.swift in Sources */ = {isa = PBXBuildFile; fileRef = D1F79046296E90C800F3CB30 /* DrinkCard.swift */; };
		D1F79049296E916C00F3CB30 /* IngredientCard.swift in Sources */ = {isa = PBXBuildFile; fileRef = D1F79048296E916C00F3CB30 /* IngredientCard.swift */; };
/* End PBXBuildFile section */

/* Begin PBXFileReference section */
		D1194A662971A4A900E4C1E7 /* SettingsView.swift */ = {isa = PBXFileReference; lastKnownFileType = sourcecode.swift; path = SettingsView.swift; sourceTree = "<group>"; };
		D16D80932976985600D163B3 /* DrinkFilters.swift */ = {isa = PBXFileReference; lastKnownFileType = sourcecode.swift; path = DrinkFilters.swift; sourceTree = "<group>"; };
		D17BB61C29732160004F08F7 /* ViewExtensions.swift */ = {isa = PBXFileReference; lastKnownFileType = sourcecode.swift; path = ViewExtensions.swift; sourceTree = "<group>"; };
		D17BB61E297345BA004F08F7 /* UserDefaults.swift */ = {isa = PBXFileReference; lastKnownFileType = sourcecode.swift; path = UserDefaults.swift; sourceTree = "<group>"; };
		D1BB5B2829741F8000CF52EE /* IngredientDetails.swift */ = {isa = PBXFileReference; lastKnownFileType = sourcecode.swift; path = IngredientDetails.swift; sourceTree = "<group>"; };
		D1BB5B2A29741FE600CF52EE /* IngredientDrinksList.swift */ = {isa = PBXFileReference; lastKnownFileType = sourcecode.swift; path = IngredientDrinksList.swift; sourceTree = "<group>"; };
		D1DD34B629740335006EE244 /* DrinkStepInstructions.swift */ = {isa = PBXFileReference; lastKnownFileType = sourcecode.swift; path = DrinkStepInstructions.swift; sourceTree = "<group>"; };
		D1DD34B829740377006EE244 /* DrinkDetails.swift */ = {isa = PBXFileReference; lastKnownFileType = sourcecode.swift; path = DrinkDetails.swift; sourceTree = "<group>"; };
		D1DD34BD297412AF006EE244 /* EquipmentView.swift */ = {isa = PBXFileReference; lastKnownFileType = sourcecode.swift; path = EquipmentView.swift; sourceTree = "<group>"; };
		D1E5B3AA2972C998001DF274 /* IngredientBox.swift */ = {isa = PBXFileReference; lastKnownFileType = sourcecode.swift; path = IngredientBox.swift; sourceTree = "<group>"; };
		D1E5B3AC2972C9D3001DF274 /* EquipmentBox.swift */ = {isa = PBXFileReference; lastKnownFileType = sourcecode.swift; path = EquipmentBox.swift; sourceTree = "<group>"; };
		D1E5B3B22972D052001DF274 /* NumberExtensions.swift */ = {isa = PBXFileReference; lastKnownFileType = sourcecode.swift; path = NumberExtensions.swift; sourceTree = "<group>"; };
		D1E5B3B42972D1C8001DF274 /* IngredientsInspector.swift */ = {isa = PBXFileReference; lastKnownFileType = sourcecode.swift; path = IngredientsInspector.swift; sourceTree = "<group>"; };
		D1E5BBCA29705D2500BA60F9 /* WrappingHStack.swift */ = {isa = PBXFileReference; lastKnownFileType = sourcecode.swift; path = WrappingHStack.swift; sourceTree = "<group>"; };
		D1F0087E296EBB90007E09B7 /* AppState.swift */ = {isa = PBXFileReference; lastKnownFileType = sourcecode.swift; path = AppState.swift; sourceTree = "<group>"; };
		D1F00880296EC065007E09B7 /* DrinkStep.swift */ = {isa = PBXFileReference; lastKnownFileType = sourcecode.swift; path = DrinkStep.swift; sourceTree = "<group>"; };
		D1F00882296EC078007E09B7 /* Ingredient.swift */ = {isa = PBXFileReference; lastKnownFileType = sourcecode.swift; path = Ingredient.swift; sourceTree = "<group>"; };
		D1F00884296EC0A8007E09B7 /* Equipment.swift */ = {isa = PBXFileReference; lastKnownFileType = sourcecode.swift; path = Equipment.swift; sourceTree = "<group>"; };
		D1F00886296EC0B8007E09B7 /* Origin.swift */ = {isa = PBXFileReference; lastKnownFileType = sourcecode.swift; path = Origin.swift; sourceTree = "<group>"; };
		D1F00888296EC0C8007E09B7 /* DrinkSource.swift */ = {isa = PBXFileReference; lastKnownFileType = sourcecode.swift; path = DrinkSource.swift; sourceTree = "<group>"; };
		D1F79009296D75EE00F3CB30 /* imbibe.app */ = {isa = PBXFileReference; explicitFileType = wrapper.application; includeInIndex = 0; path = imbibe.app; sourceTree = BUILT_PRODUCTS_DIR; };
		D1F7900C296D75EE00F3CB30 /* imbibeApp.swift */ = {isa = PBXFileReference; lastKnownFileType = sourcecode.swift; path = imbibeApp.swift; sourceTree = "<group>"; };
		D1F7900E296D75EE00F3CB30 /* Persistence.swift */ = {isa = PBXFileReference; lastKnownFileType = sourcecode.swift; path = Persistence.swift; sourceTree = "<group>"; };
		D1F79011296D75EE00F3CB30 /* imbibe.xcdatamodel */ = {isa = PBXFileReference; lastKnownFileType = wrapper.xcdatamodel; path = imbibe.xcdatamodel; sourceTree = "<group>"; };
		D1F79013296D75EE00F3CB30 /* DrinksView.swift */ = {isa = PBXFileReference; lastKnownFileType = sourcecode.swift; path = DrinksView.swift; sourceTree = "<group>"; };
		D1F79015296D75EF00F3CB30 /* Assets.xcassets */ = {isa = PBXFileReference; lastKnownFileType = folder.assetcatalog; path = Assets.xcassets; sourceTree = "<group>"; };
		D1F79017296D75EF00F3CB30 /* imbibe.entitlements */ = {isa = PBXFileReference; lastKnownFileType = text.plist.entitlements; path = imbibe.entitlements; sourceTree = "<group>"; };
		D1F79019296D75EF00F3CB30 /* Preview Assets.xcassets */ = {isa = PBXFileReference; lastKnownFileType = folder.assetcatalog; path = "Preview Assets.xcassets"; sourceTree = "<group>"; };
		D1F79024296D76D400F3CB30 /* Drink.swift */ = {isa = PBXFileReference; lastKnownFileType = sourcecode.swift; path = Drink.swift; sourceTree = "<group>"; };
		D1F79027296D78DA00F3CB30 /* Drinks.swift */ = {isa = PBXFileReference; lastKnownFileType = sourcecode.swift; path = Drinks.swift; sourceTree = "<group>"; };
		D1F7902B296D841F00F3CB30 /* DrinkView.swift */ = {isa = PBXFileReference; lastKnownFileType = sourcecode.swift; path = DrinkView.swift; sourceTree = "<group>"; };
		D1F7902D296D84CD00F3CB30 /* ImageExtensions.swift */ = {isa = PBXFileReference; lastKnownFileType = sourcecode.swift; path = ImageExtensions.swift; sourceTree = "<group>"; };
		D1F7902F296D879600F3CB30 /* ColorExtensions.swift */ = {isa = PBXFileReference; lastKnownFileType = sourcecode.swift; path = ColorExtensions.swift; sourceTree = "<group>"; };
		D1F79031296DC1BE00F3CB30 /* Ingredients.swift */ = {isa = PBXFileReference; lastKnownFileType = sourcecode.swift; path = Ingredients.swift; sourceTree = "<group>"; };
		D1F79033296DC1DA00F3CB30 /* Origins.swift */ = {isa = PBXFileReference; lastKnownFileType = sourcecode.swift; path = Origins.swift; sourceTree = "<group>"; };
		D1F79035296DC1EB00F3CB30 /* Equipments.swift */ = {isa = PBXFileReference; lastKnownFileType = sourcecode.swift; path = Equipments.swift; sourceTree = "<group>"; };
		D1F79037296DC1FD00F3CB30 /* Sources.swift */ = {isa = PBXFileReference; lastKnownFileType = sourcecode.swift; path = Sources.swift; sourceTree = "<group>"; };
		D1F79039296E803E00F3CB30 /* AppView.swift */ = {isa = PBXFileReference; lastKnownFileType = sourcecode.swift; path = AppView.swift; sourceTree = "<group>"; };
		D1F7903C296E813F00F3CB30 /* IngredientsView.swift */ = {isa = PBXFileReference; lastKnownFileType = sourcecode.swift; path = IngredientsView.swift; sourceTree = "<group>"; };
		D1F79041296E834400F3CB30 /* IngredientView.swift */ = {isa = PBXFileReference; lastKnownFileType = sourcecode.swift; path = IngredientView.swift; sourceTree = "<group>"; };
		D1F79044296E8DB200F3CB30 /* DiscoverView.swift */ = {isa = PBXFileReference; lastKnownFileType = sourcecode.swift; path = DiscoverView.swift; sourceTree = "<group>"; };
		D1F79046296E90C800F3CB30 /* DrinkCard.swift */ = {isa = PBXFileReference; lastKnownFileType = sourcecode.swift; path = DrinkCard.swift; sourceTree = "<group>"; };
		D1F79048296E916C00F3CB30 /* IngredientCard.swift */ = {isa = PBXFileReference; lastKnownFileType = sourcecode.swift; path = IngredientCard.swift; sourceTree = "<group>"; };
/* End PBXFileReference section */

/* Begin PBXFrameworksBuildPhase section */
		D1F79006296D75EE00F3CB30 /* Frameworks */ = {
			isa = PBXFrameworksBuildPhase;
			buildActionMask = 2147483647;
			files = (
			);
			runOnlyForDeploymentPostprocessing = 0;
		};
/* End PBXFrameworksBuildPhase section */

/* Begin PBXGroup section */
		D1194A652971A4A100E4C1E7 /* Settings */ = {
			isa = PBXGroup;
			children = (
				D1194A662971A4A900E4C1E7 /* SettingsView.swift */,
			);
			path = Settings;
			sourceTree = "<group>";
		};
		D1DD34BA297403B7006EE244 /* Drink */ = {
			isa = PBXGroup;
			children = (
				D1E5B3B42972D1C8001DF274 /* IngredientsInspector.swift */,
				D1DD34B629740335006EE244 /* DrinkStepInstructions.swift */,
				D1DD34B829740377006EE244 /* DrinkDetails.swift */,
				D1F7902B296D841F00F3CB30 /* DrinkView.swift */,
				D1F79046296E90C800F3CB30 /* DrinkCard.swift */,
			);
			path = Drink;
			sourceTree = "<group>";
		};
		D1DD34BB297403CE006EE244 /* Ingredient */ = {
			isa = PBXGroup;
			children = (
				D1F79041296E834400F3CB30 /* IngredientView.swift */,
				D1E5B3AA2972C998001DF274 /* IngredientBox.swift */,
				D1F79048296E916C00F3CB30 /* IngredientCard.swift */,
				D1BB5B2829741F8000CF52EE /* IngredientDetails.swift */,
				D1BB5B2A29741FE600CF52EE /* IngredientDrinksList.swift */,
			);
			path = Ingredient;
			sourceTree = "<group>";
		};
		D1DD34BC297403E4006EE244 /* Equipment */ = {
			isa = PBXGroup;
			children = (
				D1E5B3AC2972C9D3001DF274 /* EquipmentBox.swift */,
				D1DD34BD297412AF006EE244 /* EquipmentView.swift */,
			);
			path = Equipment;
			sourceTree = "<group>";
		};
		D1E5B3A92972C97A001DF274 /* Utility */ = {
			isa = PBXGroup;
			children = (
				D1E5BBCA29705D2500BA60F9 /* WrappingHStack.swift */,
			);
			path = Utility;
			sourceTree = "<group>";
		};
		D1F0087D296EBB86007E09B7 /* Environments */ = {
			isa = PBXGroup;
			children = (
				D1F0087E296EBB90007E09B7 /* AppState.swift */,
				D17BB61E297345BA004F08F7 /* UserDefaults.swift */,
			);
			path = Environments;
			sourceTree = "<group>";
		};
		D1F79000296D75EE00F3CB30 = {
			isa = PBXGroup;
			children = (
				D1F7900B296D75EE00F3CB30 /* imbibe */,
				D1F7900A296D75EE00F3CB30 /* Products */,
			);
			sourceTree = "<group>";
		};
		D1F7900A296D75EE00F3CB30 /* Products */ = {
			isa = PBXGroup;
			children = (
				D1F79009296D75EE00F3CB30 /* imbibe.app */,
			);
			name = Products;
			sourceTree = "<group>";
		};
		D1F7900B296D75EE00F3CB30 /* imbibe */ = {
			isa = PBXGroup;
			children = (
				D1F0087D296EBB86007E09B7 /* Environments */,
				D1F7903E296E81D400F3CB30 /* Shared */,
				D1F79029296D829C00F3CB30 /* Core Data */,
				D1F79026296D78CD00F3CB30 /* Data */,
				D1F79023296D76C300F3CB30 /* Models */,
				D1F79021296D765100F3CB30 /* Extensions */,
				D1F79020296D762900F3CB30 /* Features */,
				D1F7900C296D75EE00F3CB30 /* imbibeApp.swift */,
				D1F79015296D75EF00F3CB30 /* Assets.xcassets */,
				D1F79017296D75EF00F3CB30 /* imbibe.entitlements */,
				D1F79010296D75EE00F3CB30 /* imbibe.xcdatamodeld */,
				D1F79018296D75EF00F3CB30 /* Preview Content */,
			);
			path = imbibe;
			sourceTree = "<group>";
		};
		D1F79018296D75EF00F3CB30 /* Preview Content */ = {
			isa = PBXGroup;
			children = (
				D1F79019296D75EF00F3CB30 /* Preview Assets.xcassets */,
			);
			path = "Preview Content";
			sourceTree = "<group>";
		};
		D1F79020296D762900F3CB30 /* Features */ = {
			isa = PBXGroup;
			children = (
				D1194A652971A4A100E4C1E7 /* Settings */,
				D1F79043296E8DA900F3CB30 /* Discover */,
				D1F7903B296E813100F3CB30 /* Ingredients */,
				D1F79022296D766000F3CB30 /* Drinks */,
				D1F79039296E803E00F3CB30 /* AppView.swift */,
			);
			path = Features;
			sourceTree = "<group>";
		};
		D1F79021296D765100F3CB30 /* Extensions */ = {
			isa = PBXGroup;
			children = (
				D1F7902D296D84CD00F3CB30 /* ImageExtensions.swift */,
				D1F7902F296D879600F3CB30 /* ColorExtensions.swift */,
				D1E5B3B22972D052001DF274 /* NumberExtensions.swift */,
				D17BB61C29732160004F08F7 /* ViewExtensions.swift */,
			);
			path = Extensions;
			sourceTree = "<group>";
		};
		D1F79022296D766000F3CB30 /* Drinks */ = {
			isa = PBXGroup;
			children = (
				D1F79013296D75EE00F3CB30 /* DrinksView.swift */,
				D16D80932976985600D163B3 /* DrinkFilters.swift */,
			);
			path = Drinks;
			sourceTree = "<group>";
		};
		D1F79023296D76C300F3CB30 /* Models */ = {
			isa = PBXGroup;
			children = (
				D1F79024296D76D400F3CB30 /* Drink.swift */,
				D1F00880296EC065007E09B7 /* DrinkStep.swift */,
				D1F00882296EC078007E09B7 /* Ingredient.swift */,
				D1F00884296EC0A8007E09B7 /* Equipment.swift */,
				D1F00886296EC0B8007E09B7 /* Origin.swift */,
				D1F00888296EC0C8007E09B7 /* DrinkSource.swift */,
			);
			path = Models;
			sourceTree = "<group>";
		};
		D1F79026296D78CD00F3CB30 /* Data */ = {
			isa = PBXGroup;
			children = (
				D1F79027296D78DA00F3CB30 /* Drinks.swift */,
				D1F79031296DC1BE00F3CB30 /* Ingredients.swift */,
				D1F79033296DC1DA00F3CB30 /* Origins.swift */,
				D1F79035296DC1EB00F3CB30 /* Equipments.swift */,
				D1F79037296DC1FD00F3CB30 /* Sources.swift */,
			);
			path = Data;
			sourceTree = "<group>";
		};
		D1F79029296D829C00F3CB30 /* Core Data */ = {
			isa = PBXGroup;
			children = (
				D1F7900E296D75EE00F3CB30 /* Persistence.swift */,
			);
			path = "Core Data";
			sourceTree = "<group>";
		};
		D1F7903B296E813100F3CB30 /* Ingredients */ = {
			isa = PBXGroup;
			children = (
				D1F7903C296E813F00F3CB30 /* IngredientsView.swift */,
			);
			path = Ingredients;
			sourceTree = "<group>";
		};
		D1F7903E296E81D400F3CB30 /* Shared */ = {
			isa = PBXGroup;
			children = (
				D1DD34BC297403E4006EE244 /* Equipment */,
				D1DD34BB297403CE006EE244 /* Ingredient */,
				D1DD34BA297403B7006EE244 /* Drink */,
				D1E5B3A92972C97A001DF274 /* Utility */,
			);
			path = Shared;
			sourceTree = "<group>";
		};
		D1F79043296E8DA900F3CB30 /* Discover */ = {
			isa = PBXGroup;
			children = (
				D1F79044296E8DB200F3CB30 /* DiscoverView.swift */,
			);
			path = Discover;
			sourceTree = "<group>";
		};
/* End PBXGroup section */

/* Begin PBXNativeTarget section */
		D1F79008296D75EE00F3CB30 /* imbibe */ = {
			isa = PBXNativeTarget;
			buildConfigurationList = D1F7901D296D75EF00F3CB30 /* Build configuration list for PBXNativeTarget "imbibe" */;
			buildPhases = (
				D1F79005296D75EE00F3CB30 /* Sources */,
				D1F79006296D75EE00F3CB30 /* Frameworks */,
				D1F79007296D75EE00F3CB30 /* Resources */,
			);
			buildRules = (
			);
			dependencies = (
			);
			name = imbibe;
			productName = imbibe;
			productReference = D1F79009296D75EE00F3CB30 /* imbibe.app */;
			productType = "com.apple.product-type.application";
		};
/* End PBXNativeTarget section */

/* Begin PBXProject section */
		D1F79001296D75EE00F3CB30 /* Project object */ = {
			isa = PBXProject;
			attributes = {
				BuildIndependentTargetsInParallel = 1;
				LastSwiftUpdateCheck = 1420;
				LastUpgradeCheck = 1420;
				TargetAttributes = {
					D1F79008296D75EE00F3CB30 = {
						CreatedOnToolsVersion = 14.2;
					};
				};
			};
			buildConfigurationList = D1F79004296D75EE00F3CB30 /* Build configuration list for PBXProject "imbibe" */;
			compatibilityVersion = "Xcode 14.0";
			developmentRegion = en;
			hasScannedForEncodings = 0;
			knownRegions = (
				en,
				Base,
			);
			mainGroup = D1F79000296D75EE00F3CB30;
			productRefGroup = D1F7900A296D75EE00F3CB30 /* Products */;
			projectDirPath = "";
			projectRoot = "";
			targets = (
				D1F79008296D75EE00F3CB30 /* imbibe */,
			);
		};
/* End PBXProject section */

/* Begin PBXResourcesBuildPhase section */
		D1F79007296D75EE00F3CB30 /* Resources */ = {
			isa = PBXResourcesBuildPhase;
			buildActionMask = 2147483647;
			files = (
				D1F7901A296D75EF00F3CB30 /* Preview Assets.xcassets in Resources */,
				D1F79016296D75EF00F3CB30 /* Assets.xcassets in Resources */,
			);
			runOnlyForDeploymentPostprocessing = 0;
		};
/* End PBXResourcesBuildPhase section */

/* Begin PBXSourcesBuildPhase section */
		D1F79005296D75EE00F3CB30 /* Sources */ = {
			isa = PBXSourcesBuildPhase;
			buildActionMask = 2147483647;
			files = (
				D1F79028296D78DA00F3CB30 /* Drinks.swift in Sources */,
				D1BB5B2B29741FE600CF52EE /* IngredientDrinksList.swift in Sources */,
				D1DD34B729740335006EE244 /* DrinkStepInstructions.swift in Sources */,
				D1F7903D296E813F00F3CB30 /* IngredientsView.swift in Sources */,
				D1F79042296E834400F3CB30 /* IngredientView.swift in Sources */,
				D1F7900D296D75EE00F3CB30 /* imbibeApp.swift in Sources */,
				D1E5B3AB2972C998001DF274 /* IngredientBox.swift in Sources */,
				D1F00881296EC065007E09B7 /* DrinkStep.swift in Sources */,
				D1F79012296D75EE00F3CB30 /* imbibe.xcdatamodeld in Sources */,
				D1F79045296E8DB200F3CB30 /* DiscoverView.swift in Sources */,
				D1DD34BE297412AF006EE244 /* EquipmentView.swift in Sources */,
				D16D80942976985600D163B3 /* DrinkFilters.swift in Sources */,
				D1E5B3B52972D1C8001DF274 /* IngredientsInspector.swift in Sources */,
				D1F79038296DC1FD00F3CB30 /* Sources.swift in Sources */,
				D1F7902E296D84CD00F3CB30 /* ImageExtensions.swift in Sources */,
				D1F00889296EC0C8007E09B7 /* DrinkSource.swift in Sources */,
				D1F79014296D75EE00F3CB30 /* DrinksView.swift in Sources */,
				D1BB5B2929741F8000CF52EE /* IngredientDetails.swift in Sources */,
				D1E5B3B32972D052001DF274 /* NumberExtensions.swift in Sources */,
				D17BB61F297345BA004F08F7 /* UserDefaults.swift in Sources */,
				D1F79030296D879600F3CB30 /* ColorExtensions.swift in Sources */,
				D1F79036296DC1EB00F3CB30 /* Equipments.swift in Sources */,
				D1E5B3AD2972C9D3001DF274 /* EquipmentBox.swift in Sources */,
				D1F0087F296EBB90007E09B7 /* AppState.swift in Sources */,
				D1DD34B929740377006EE244 /* DrinkDetails.swift in Sources */,
				D1F79032296DC1BE00F3CB30 /* Ingredients.swift in Sources */,
				D1F00883296EC078007E09B7 /* Ingredient.swift in Sources */,
				D1F79025296D76D400F3CB30 /* Drink.swift in Sources */,
				D1F7903A296E803E00F3CB30 /* AppView.swift in Sources */,
				D1F79047296E90C800F3CB30 /* DrinkCard.swift in Sources */,
				D1F7902C296D841F00F3CB30 /* DrinkView.swift in Sources */,
				D1F00885296EC0A8007E09B7 /* Equipment.swift in Sources */,
				D1194A672971A4A900E4C1E7 /* SettingsView.swift in Sources */,
				D17BB61D29732160004F08F7 /* ViewExtensions.swift in Sources */,
				D1F79034296DC1DA00F3CB30 /* Origins.swift in Sources */,
				D1F79049296E916C00F3CB30 /* IngredientCard.swift in Sources */,
				D1F7900F296D75EE00F3CB30 /* Persistence.swift in Sources */,
				D1F00887296EC0B8007E09B7 /* Origin.swift in Sources */,
				D1E5BBCB29705D2500BA60F9 /* WrappingHStack.swift in Sources */,
			);
			runOnlyForDeploymentPostprocessing = 0;
		};
/* End PBXSourcesBuildPhase section */

/* Begin XCBuildConfiguration section */
		D1F7901B296D75EF00F3CB30 /* Debug */ = {
			isa = XCBuildConfiguration;
			buildSettings = {
				ALWAYS_SEARCH_USER_PATHS = NO;
				CLANG_ANALYZER_NONNULL = YES;
				CLANG_ANALYZER_NUMBER_OBJECT_CONVERSION = YES_AGGRESSIVE;
				CLANG_CXX_LANGUAGE_STANDARD = "gnu++20";
				CLANG_ENABLE_MODULES = YES;
				CLANG_ENABLE_OBJC_ARC = YES;
				CLANG_ENABLE_OBJC_WEAK = YES;
				CLANG_WARN_BLOCK_CAPTURE_AUTORELEASING = YES;
				CLANG_WARN_BOOL_CONVERSION = YES;
				CLANG_WARN_COMMA = YES;
				CLANG_WARN_CONSTANT_CONVERSION = YES;
				CLANG_WARN_DEPRECATED_OBJC_IMPLEMENTATIONS = YES;
				CLANG_WARN_DIRECT_OBJC_ISA_USAGE = YES_ERROR;
				CLANG_WARN_DOCUMENTATION_COMMENTS = YES;
				CLANG_WARN_EMPTY_BODY = YES;
				CLANG_WARN_ENUM_CONVERSION = YES;
				CLANG_WARN_INFINITE_RECURSION = YES;
				CLANG_WARN_INT_CONVERSION = YES;
				CLANG_WARN_NON_LITERAL_NULL_CONVERSION = YES;
				CLANG_WARN_OBJC_IMPLICIT_RETAIN_SELF = YES;
				CLANG_WARN_OBJC_LITERAL_CONVERSION = YES;
				CLANG_WARN_OBJC_ROOT_CLASS = YES_ERROR;
				CLANG_WARN_QUOTED_INCLUDE_IN_FRAMEWORK_HEADER = YES;
				CLANG_WARN_RANGE_LOOP_ANALYSIS = YES;
				CLANG_WARN_STRICT_PROTOTYPES = YES;
				CLANG_WARN_SUSPICIOUS_MOVE = YES;
				CLANG_WARN_UNGUARDED_AVAILABILITY = YES_AGGRESSIVE;
				CLANG_WARN_UNREACHABLE_CODE = YES;
				CLANG_WARN__DUPLICATE_METHOD_MATCH = YES;
				COPY_PHASE_STRIP = NO;
				DEBUG_INFORMATION_FORMAT = dwarf;
				ENABLE_STRICT_OBJC_MSGSEND = YES;
				ENABLE_TESTABILITY = YES;
				GCC_C_LANGUAGE_STANDARD = gnu11;
				GCC_DYNAMIC_NO_PIC = NO;
				GCC_NO_COMMON_BLOCKS = YES;
				GCC_OPTIMIZATION_LEVEL = 0;
				GCC_PREPROCESSOR_DEFINITIONS = (
					"DEBUG=1",
					"$(inherited)",
				);
				GCC_WARN_64_TO_32_BIT_CONVERSION = YES;
				GCC_WARN_ABOUT_RETURN_TYPE = YES_ERROR;
				GCC_WARN_UNDECLARED_SELECTOR = YES;
				GCC_WARN_UNINITIALIZED_AUTOS = YES_AGGRESSIVE;
				GCC_WARN_UNUSED_FUNCTION = YES;
				GCC_WARN_UNUSED_VARIABLE = YES;
				MTL_ENABLE_DEBUG_INFO = INCLUDE_SOURCE;
				MTL_FAST_MATH = YES;
				ONLY_ACTIVE_ARCH = YES;
				SWIFT_ACTIVE_COMPILATION_CONDITIONS = DEBUG;
				SWIFT_OPTIMIZATION_LEVEL = "-Onone";
			};
			name = Debug;
		};
		D1F7901C296D75EF00F3CB30 /* Release */ = {
			isa = XCBuildConfiguration;
			buildSettings = {
				ALWAYS_SEARCH_USER_PATHS = NO;
				CLANG_ANALYZER_NONNULL = YES;
				CLANG_ANALYZER_NUMBER_OBJECT_CONVERSION = YES_AGGRESSIVE;
				CLANG_CXX_LANGUAGE_STANDARD = "gnu++20";
				CLANG_ENABLE_MODULES = YES;
				CLANG_ENABLE_OBJC_ARC = YES;
				CLANG_ENABLE_OBJC_WEAK = YES;
				CLANG_WARN_BLOCK_CAPTURE_AUTORELEASING = YES;
				CLANG_WARN_BOOL_CONVERSION = YES;
				CLANG_WARN_COMMA = YES;
				CLANG_WARN_CONSTANT_CONVERSION = YES;
				CLANG_WARN_DEPRECATED_OBJC_IMPLEMENTATIONS = YES;
				CLANG_WARN_DIRECT_OBJC_ISA_USAGE = YES_ERROR;
				CLANG_WARN_DOCUMENTATION_COMMENTS = YES;
				CLANG_WARN_EMPTY_BODY = YES;
				CLANG_WARN_ENUM_CONVERSION = YES;
				CLANG_WARN_INFINITE_RECURSION = YES;
				CLANG_WARN_INT_CONVERSION = YES;
				CLANG_WARN_NON_LITERAL_NULL_CONVERSION = YES;
				CLANG_WARN_OBJC_IMPLICIT_RETAIN_SELF = YES;
				CLANG_WARN_OBJC_LITERAL_CONVERSION = YES;
				CLANG_WARN_OBJC_ROOT_CLASS = YES_ERROR;
				CLANG_WARN_QUOTED_INCLUDE_IN_FRAMEWORK_HEADER = YES;
				CLANG_WARN_RANGE_LOOP_ANALYSIS = YES;
				CLANG_WARN_STRICT_PROTOTYPES = YES;
				CLANG_WARN_SUSPICIOUS_MOVE = YES;
				CLANG_WARN_UNGUARDED_AVAILABILITY = YES_AGGRESSIVE;
				CLANG_WARN_UNREACHABLE_CODE = YES;
				CLANG_WARN__DUPLICATE_METHOD_MATCH = YES;
				COPY_PHASE_STRIP = NO;
				DEBUG_INFORMATION_FORMAT = "dwarf-with-dsym";
				ENABLE_NS_ASSERTIONS = NO;
				ENABLE_STRICT_OBJC_MSGSEND = YES;
				GCC_C_LANGUAGE_STANDARD = gnu11;
				GCC_NO_COMMON_BLOCKS = YES;
				GCC_WARN_64_TO_32_BIT_CONVERSION = YES;
				GCC_WARN_ABOUT_RETURN_TYPE = YES_ERROR;
				GCC_WARN_UNDECLARED_SELECTOR = YES;
				GCC_WARN_UNINITIALIZED_AUTOS = YES_AGGRESSIVE;
				GCC_WARN_UNUSED_FUNCTION = YES;
				GCC_WARN_UNUSED_VARIABLE = YES;
				MTL_ENABLE_DEBUG_INFO = NO;
				MTL_FAST_MATH = YES;
				SWIFT_COMPILATION_MODE = wholemodule;
				SWIFT_OPTIMIZATION_LEVEL = "-O";
			};
			name = Release;
		};
		D1F7901E296D75EF00F3CB30 /* Debug */ = {
			isa = XCBuildConfiguration;
			buildSettings = {
				ASSETCATALOG_COMPILER_APPICON_NAME = AppIcon;
				ASSETCATALOG_COMPILER_GLOBAL_ACCENT_COLOR_NAME = AccentColor;
				CODE_SIGN_ENTITLEMENTS = imbibe/imbibe.entitlements;
				CODE_SIGN_STYLE = Automatic;
				CURRENT_PROJECT_VERSION = 29;
				DEVELOPMENT_ASSET_PATHS = "\"imbibe/Preview Content\"";
				DEVELOPMENT_TEAM = YRQMPX5YW2;
				ENABLE_HARDENED_RUNTIME = YES;
				ENABLE_PREVIEWS = YES;
				GENERATE_INFOPLIST_FILE = YES;
				"INFOPLIST_KEY_UIApplicationSceneManifest_Generation[sdk=iphoneos*]" = YES;
				"INFOPLIST_KEY_UIApplicationSceneManifest_Generation[sdk=iphonesimulator*]" = YES;
				"INFOPLIST_KEY_UIApplicationSupportsIndirectInputEvents[sdk=iphoneos*]" = YES;
				"INFOPLIST_KEY_UIApplicationSupportsIndirectInputEvents[sdk=iphonesimulator*]" = YES;
				"INFOPLIST_KEY_UILaunchScreen_Generation[sdk=iphoneos*]" = YES;
				"INFOPLIST_KEY_UILaunchScreen_Generation[sdk=iphonesimulator*]" = YES;
				"INFOPLIST_KEY_UIStatusBarStyle[sdk=iphoneos*]" = UIStatusBarStyleDefault;
				"INFOPLIST_KEY_UIStatusBarStyle[sdk=iphonesimulator*]" = UIStatusBarStyleDefault;
				INFOPLIST_KEY_UISupportedInterfaceOrientations_iPad = "UIInterfaceOrientationPortrait UIInterfaceOrientationPortraitUpsideDown UIInterfaceOrientationLandscapeLeft UIInterfaceOrientationLandscapeRight";
				INFOPLIST_KEY_UISupportedInterfaceOrientations_iPhone = "UIInterfaceOrientationPortrait UIInterfaceOrientationLandscapeLeft UIInterfaceOrientationLandscapeRight";
				IPHONEOS_DEPLOYMENT_TARGET = 16.2;
				LD_RUNPATH_SEARCH_PATHS = "@executable_path/Frameworks";
				"LD_RUNPATH_SEARCH_PATHS[sdk=macosx*]" = "@executable_path/../Frameworks";
				MACOSX_DEPLOYMENT_TARGET = 13.0;
				MARKETING_VERSION = 1.0.0;
				PRODUCT_BUNDLE_IDENTIFIER = com.nikolajjsj.imbibe;
				PRODUCT_NAME = "$(TARGET_NAME)";
				SDKROOT = auto;
				SUPPORTED_PLATFORMS = "iphoneos iphonesimulator macosx";
				SWIFT_EMIT_LOC_STRINGS = YES;
				SWIFT_VERSION = 5.0;
				TARGETED_DEVICE_FAMILY = "1,2";
			};
			name = Debug;
		};
		D1F7901F296D75EF00F3CB30 /* Release */ = {
			isa = XCBuildConfiguration;
			buildSettings = {
				ASSETCATALOG_COMPILER_APPICON_NAME = AppIcon;
				ASSETCATALOG_COMPILER_GLOBAL_ACCENT_COLOR_NAME = AccentColor;
				CODE_SIGN_ENTITLEMENTS = imbibe/imbibe.entitlements;
				CODE_SIGN_STYLE = Automatic;
				CURRENT_PROJECT_VERSION = 29;
				DEVELOPMENT_ASSET_PATHS = "\"imbibe/Preview Content\"";
				DEVELOPMENT_TEAM = YRQMPX5YW2;
				ENABLE_HARDENED_RUNTIME = YES;
				ENABLE_PREVIEWS = YES;
				GENERATE_INFOPLIST_FILE = YES;
				"INFOPLIST_KEY_UIApplicationSceneManifest_Generation[sdk=iphoneos*]" = YES;
				"INFOPLIST_KEY_UIApplicationSceneManifest_Generation[sdk=iphonesimulator*]" = YES;
				"INFOPLIST_KEY_UIApplicationSupportsIndirectInputEvents[sdk=iphoneos*]" = YES;
				"INFOPLIST_KEY_UIApplicationSupportsIndirectInputEvents[sdk=iphonesimulator*]" = YES;
				"INFOPLIST_KEY_UILaunchScreen_Generation[sdk=iphoneos*]" = YES;
				"INFOPLIST_KEY_UILaunchScreen_Generation[sdk=iphonesimulator*]" = YES;
				"INFOPLIST_KEY_UIStatusBarStyle[sdk=iphoneos*]" = UIStatusBarStyleDefault;
				"INFOPLIST_KEY_UIStatusBarStyle[sdk=iphonesimulator*]" = UIStatusBarStyleDefault;
				INFOPLIST_KEY_UISupportedInterfaceOrientations_iPad = "UIInterfaceOrientationPortrait UIInterfaceOrientationPortraitUpsideDown UIInterfaceOrientationLandscapeLeft UIInterfaceOrientationLandscapeRight";
				INFOPLIST_KEY_UISupportedInterfaceOrientations_iPhone = "UIInterfaceOrientationPortrait UIInterfaceOrientationLandscapeLeft UIInterfaceOrientationLandscapeRight";
				IPHONEOS_DEPLOYMENT_TARGET = 16.2;
				LD_RUNPATH_SEARCH_PATHS = "@executable_path/Frameworks";
				"LD_RUNPATH_SEARCH_PATHS[sdk=macosx*]" = "@executable_path/../Frameworks";
				MACOSX_DEPLOYMENT_TARGET = 13.0;
				MARKETING_VERSION = 1.0.0;
				PRODUCT_BUNDLE_IDENTIFIER = com.nikolajjsj.imbibe;
				PRODUCT_NAME = "$(TARGET_NAME)";
				SDKROOT = auto;
				SUPPORTED_PLATFORMS = "iphoneos iphonesimulator macosx";
				SWIFT_EMIT_LOC_STRINGS = YES;
				SWIFT_VERSION = 5.0;
				TARGETED_DEVICE_FAMILY = "1,2";
			};
			name = Release;
		};
/* End XCBuildConfiguration section */

/* Begin XCConfigurationList section */
		D1F79004296D75EE00F3CB30 /* Build configuration list for PBXProject "imbibe" */ = {
			isa = XCConfigurationList;
			buildConfigurations = (
				D1F7901B296D75EF00F3CB30 /* Debug */,
				D1F7901C296D75EF00F3CB30 /* Release */,
			);
			defaultConfigurationIsVisible = 0;
			defaultConfigurationName = Release;
		};
		D1F7901D296D75EF00F3CB30 /* Build configuration list for PBXNativeTarget "imbibe" */ = {
			isa = XCConfigurationList;
			buildConfigurations = (
				D1F7901E296D75EF00F3CB30 /* Debug */,
				D1F7901F296D75EF00F3CB30 /* Release */,
			);
			defaultConfigurationIsVisible = 0;
			defaultConfigurationName = Release;
		};
/* End XCConfigurationList section */

/* Begin XCVersionGroup section */
		D1F79010296D75EE00F3CB30 /* imbibe.xcdatamodeld */ = {
			isa = XCVersionGroup;
			children = (
				D1F79011296D75EE00F3CB30 /* imbibe.xcdatamodel */,
			);
			currentVersion = D1F79011296D75EE00F3CB30 /* imbibe.xcdatamodel */;
			path = imbibe.xcdatamodeld;
			sourceTree = "<group>";
			versionGroupType = wrapper.xcdatamodel;
		};
/* End XCVersionGroup section */
	};
	rootObject = D1F79001296D75EE00F3CB30 /* Project object */;
}
